// !$*UTF8*$!
{
	archiveVersion = 1;
	classes = {
	};
	objectVersion = 46;
	objects = {

/* Begin PBXBuildFile section */
		040DE96B13B7B11D0FA9AB43 /* Pods.framework in Frameworks */ = {isa = PBXBuildFile; fileRef = 02A6DB6082BF95E38F733CC2 /* Pods.framework */; settings = {ATTRIBUTES = (Weak, ); }; };
		6E1100B71C7BBFAD00D6E7FA /* AppDelegate.swift in Sources */ = {isa = PBXBuildFile; fileRef = 6E1100B61C7BBFAD00D6E7FA /* AppDelegate.swift */; };
		6E1100B91C7BBFAD00D6E7FA /* ViewController.swift in Sources */ = {isa = PBXBuildFile; fileRef = 6E1100B81C7BBFAD00D6E7FA /* ViewController.swift */; };
		6E1100BC1C7BBFAD00D6E7FA /* Main.storyboard in Resources */ = {isa = PBXBuildFile; fileRef = 6E1100BA1C7BBFAD00D6E7FA /* Main.storyboard */; };
		6E1100BE1C7BBFAD00D6E7FA /* Assets.xcassets in Resources */ = {isa = PBXBuildFile; fileRef = 6E1100BD1C7BBFAD00D6E7FA /* Assets.xcassets */; };
		6E1100C11C7BBFAD00D6E7FA /* LaunchScreen.storyboard in Resources */ = {isa = PBXBuildFile; fileRef = 6E1100BF1C7BBFAD00D6E7FA /* LaunchScreen.storyboard */; };
		6E1100CD1C7C277400D6E7FA /* TrikiCell.swift in Sources */ = {isa = PBXBuildFile; fileRef = 6E1100CC1C7C277400D6E7FA /* TrikiCell.swift */; };
		6EBC7F4F1C82644200D823A0 /* User.swift in Sources */ = {isa = PBXBuildFile; fileRef = 6EBC7F4E1C82644200D823A0 /* User.swift */; };
		6EBC7F551C826A2000D823A0 /* LoginTableViewController.swift in Sources */ = {isa = PBXBuildFile; fileRef = 6EBC7F541C826A2000D823A0 /* LoginTableViewController.swift */; };
		6EBC7F571C826A2C00D823A0 /* RegisterTableViewController.swift in Sources */ = {isa = PBXBuildFile; fileRef = 6EBC7F561C826A2C00D823A0 /* RegisterTableViewController.swift */; };
		6EBC7F591C826FC100D823A0 /* Connection.swift in Sources */ = {isa = PBXBuildFile; fileRef = 6EBC7F581C826FC100D823A0 /* Connection.swift */; };
/* End PBXBuildFile section */

/* Begin PBXFileReference section */
		02A6DB6082BF95E38F733CC2 /* Pods.framework */ = {isa = PBXFileReference; explicitFileType = wrapper.framework; includeInIndex = 0; path = Pods.framework; sourceTree = BUILT_PRODUCTS_DIR; };
		6E1100B31C7BBFAD00D6E7FA /* Triki.app */ = {isa = PBXFileReference; explicitFileType = wrapper.application; includeInIndex = 0; path = Triki.app; sourceTree = BUILT_PRODUCTS_DIR; };
		6E1100B61C7BBFAD00D6E7FA /* AppDelegate.swift */ = {isa = PBXFileReference; lastKnownFileType = sourcecode.swift; path = AppDelegate.swift; sourceTree = "<group>"; };
		6E1100B81C7BBFAD00D6E7FA /* ViewController.swift */ = {isa = PBXFileReference; lastKnownFileType = sourcecode.swift; path = ViewController.swift; sourceTree = "<group>"; };
		6E1100BB1C7BBFAD00D6E7FA /* Base */ = {isa = PBXFileReference; lastKnownFileType = file.storyboard; name = Base; path = Base.lproj/Main.storyboard; sourceTree = "<group>"; };
		6E1100BD1C7BBFAD00D6E7FA /* Assets.xcassets */ = {isa = PBXFileReference; lastKnownFileType = folder.assetcatalog; path = Assets.xcassets; sourceTree = "<group>"; };
		6E1100C01C7BBFAD00D6E7FA /* Base */ = {isa = PBXFileReference; lastKnownFileType = file.storyboard; name = Base; path = Base.lproj/LaunchScreen.storyboard; sourceTree = "<group>"; };
		6E1100C21C7BBFAD00D6E7FA /* Info.plist */ = {isa = PBXFileReference; lastKnownFileType = text.plist.xml; path = Info.plist; sourceTree = "<group>"; };
		6E1100CC1C7C277400D6E7FA /* TrikiCell.swift */ = {isa = PBXFileReference; fileEncoding = 4; lastKnownFileType = sourcecode.swift; path = TrikiCell.swift; sourceTree = "<group>"; };
		6EBC7F4E1C82644200D823A0 /* User.swift */ = {isa = PBXFileReference; fileEncoding = 4; lastKnownFileType = sourcecode.swift; path = User.swift; sourceTree = "<group>"; };
		6EBC7F541C826A2000D823A0 /* LoginTableViewController.swift */ = {isa = PBXFileReference; fileEncoding = 4; lastKnownFileType = sourcecode.swift; path = LoginTableViewController.swift; sourceTree = "<group>"; };
		6EBC7F561C826A2C00D823A0 /* RegisterTableViewController.swift */ = {isa = PBXFileReference; fileEncoding = 4; lastKnownFileType = sourcecode.swift; path = RegisterTableViewController.swift; sourceTree = "<group>"; };
		6EBC7F581C826FC100D823A0 /* Connection.swift */ = {isa = PBXFileReference; fileEncoding = 4; lastKnownFileType = sourcecode.swift; path = Connection.swift; sourceTree = "<group>"; };
		982036B61C8F40D14F0AC2CC /* Pods.release.xcconfig */ = {isa = PBXFileReference; includeInIndex = 1; lastKnownFileType = text.xcconfig; name = Pods.release.xcconfig; path = "Pods/Target Support Files/Pods/Pods.release.xcconfig"; sourceTree = "<group>"; };
		C0BE556E335257C40079F098 /* Pods.debug.xcconfig */ = {isa = PBXFileReference; includeInIndex = 1; lastKnownFileType = text.xcconfig; name = Pods.debug.xcconfig; path = "Pods/Target Support Files/Pods/Pods.debug.xcconfig"; sourceTree = "<group>"; };
/* End PBXFileReference section */

/* Begin PBXFrameworksBuildPhase section */
		6E1100B01C7BBFAD00D6E7FA /* Frameworks */ = {
			isa = PBXFrameworksBuildPhase;
			buildActionMask = 2147483647;
			files = (
				040DE96B13B7B11D0FA9AB43 /* Pods.framework in Frameworks */,
			);
			runOnlyForDeploymentPostprocessing = 0;
		};
/* End PBXFrameworksBuildPhase section */

/* Begin PBXGroup section */
		38610239D64B487672BCAB82 /* Pods */ = {
			isa = PBXGroup;
			children = (
				C0BE556E335257C40079F098 /* Pods.debug.xcconfig */,
				982036B61C8F40D14F0AC2CC /* Pods.release.xcconfig */,
			);
			name = Pods;
			sourceTree = "<group>";
		};
		6E1100AA1C7BBFAD00D6E7FA = {
			isa = PBXGroup;
			children = (
				6E1100B51C7BBFAD00D6E7FA /* Triki */,
				6E1100B41C7BBFAD00D6E7FA /* Products */,
				38610239D64B487672BCAB82 /* Pods */,
				DB4417AAC679DA8E1135682E /* Frameworks */,
			);
			sourceTree = "<group>";
		};
		6E1100B41C7BBFAD00D6E7FA /* Products */ = {
			isa = PBXGroup;
			children = (
				6E1100B31C7BBFAD00D6E7FA /* Triki.app */,
			);
			name = Products;
			sourceTree = "<group>";
		};
		6E1100B51C7BBFAD00D6E7FA /* Triki */ = {
			isa = PBXGroup;
			children = (
				6EBC7F531C82647A00D823A0 /* Resources */,
				6EBC7F521C82647100D823A0 /* Controllers */,
				6EBC7F511C82645B00D823A0 /* Views */,
				6EBC7F501C82644A00D823A0 /* Models */,
			);
			path = Triki;
			sourceTree = "<group>";
		};
		6EBC7F501C82644A00D823A0 /* Models */ = {
			isa = PBXGroup;
			children = (
				6E1100CC1C7C277400D6E7FA /* TrikiCell.swift */,
				6EBC7F4E1C82644200D823A0 /* User.swift */,
			);
			name = Models;
			sourceTree = "<group>";
		};
		6EBC7F511C82645B00D823A0 /* Views */ = {
			isa = PBXGroup;
			children = (
				6E1100BA1C7BBFAD00D6E7FA /* Main.storyboard */,
				6E1100BF1C7BBFAD00D6E7FA /* LaunchScreen.storyboard */,
			);
			name = Views;
			sourceTree = "<group>";
		};
		6EBC7F521C82647100D823A0 /* Controllers */ = {
			isa = PBXGroup;
			children = (
				6EBC7F541C826A2000D823A0 /* LoginTableViewController.swift */,
				6EBC7F561C826A2C00D823A0 /* RegisterTableViewController.swift */,
				6E1100B81C7BBFAD00D6E7FA /* ViewController.swift */,
			);
			name = Controllers;
			sourceTree = "<group>";
		};
		6EBC7F531C82647A00D823A0 /* Resources */ = {
			isa = PBXGroup;
			children = (
				6E1100B61C7BBFAD00D6E7FA /* AppDelegate.swift */,
				6E1100BD1C7BBFAD00D6E7FA /* Assets.xcassets */,
				6E1100C21C7BBFAD00D6E7FA /* Info.plist */,
				6EBC7F581C826FC100D823A0 /* Connection.swift */,
			);
			name = Resources;
			sourceTree = "<group>";
		};
		DB4417AAC679DA8E1135682E /* Frameworks */ = {
			isa = PBXGroup;
			children = (
				02A6DB6082BF95E38F733CC2 /* Pods.framework */,
			);
			name = Frameworks;
			sourceTree = "<group>";
		};
/* End PBXGroup section */

/* Begin PBXNativeTarget section */
		6E1100B21C7BBFAD00D6E7FA /* Triki */ = {
			isa = PBXNativeTarget;
			buildConfigurationList = 6E1100C51C7BBFAD00D6E7FA /* Build configuration list for PBXNativeTarget "Triki" */;
			buildPhases = (
				E7A2A6B36FD0C4AF1DE65F6F /* Check Pods Manifest.lock */,
				6E1100AF1C7BBFAD00D6E7FA /* Sources */,
				6E1100B01C7BBFAD00D6E7FA /* Frameworks */,
				6E1100B11C7BBFAD00D6E7FA /* Resources */,
				1F6FDDBE4F00380D40239818 /* Embed Pods Frameworks */,
				5BA3598F5D2632FD3B02DD77 /* Copy Pods Resources */,
			);
			buildRules = (
			);
			dependencies = (
			);
			name = Triki;
			productName = Triki;
			productReference = 6E1100B31C7BBFAD00D6E7FA /* Triki.app */;
			productType = "com.apple.product-type.application";
		};
/* End PBXNativeTarget section */

/* Begin PBXProject section */
		6E1100AB1C7BBFAD00D6E7FA /* Project object */ = {
			isa = PBXProject;
			attributes = {
				LastSwiftUpdateCheck = 0720;
				LastUpgradeCheck = 0720;
				ORGANIZATIONNAME = "Santiago Carmona's";
				TargetAttributes = {
					6E1100B21C7BBFAD00D6E7FA = {
						CreatedOnToolsVersion = 7.2.1;
					};
				};
			};
			buildConfigurationList = 6E1100AE1C7BBFAD00D6E7FA /* Build configuration list for PBXProject "Triki" */;
			compatibilityVersion = "Xcode 3.2";
			developmentRegion = English;
			hasScannedForEncodings = 0;
			knownRegions = (
				en,
				Base,
			);
			mainGroup = 6E1100AA1C7BBFAD00D6E7FA;
			productRefGroup = 6E1100B41C7BBFAD00D6E7FA /* Products */;
			projectDirPath = "";
			projectRoot = "";
			targets = (
				6E1100B21C7BBFAD00D6E7FA /* Triki */,
			);
		};
/* End PBXProject section */

/* Begin PBXResourcesBuildPhase section */
		6E1100B11C7BBFAD00D6E7FA /* Resources */ = {
			isa = PBXResourcesBuildPhase;
			buildActionMask = 2147483647;
			files = (
				6E1100C11C7BBFAD00D6E7FA /* LaunchScreen.storyboard in Resources */,
				6E1100BE1C7BBFAD00D6E7FA /* Assets.xcassets in Resources */,
				6E1100BC1C7BBFAD00D6E7FA /* Main.storyboard in Resources */,
			);
			runOnlyForDeploymentPostprocessing = 0;
		};
/* End PBXResourcesBuildPhase section */

/* Begin PBXShellScriptBuildPhase section */
		1F6FDDBE4F00380D40239818 /* Embed Pods Frameworks */ = {
			isa = PBXShellScriptBuildPhase;
			buildActionMask = 2147483647;
			files = (
			);
			inputPaths = (
			);
			name = "Embed Pods Frameworks";
			outputPaths = (
			);
			runOnlyForDeploymentPostprocessing = 0;
			shellPath = /bin/sh;
			shellScript = "\"${SRCROOT}/Pods/Target Support Files/Pods/Pods-frameworks.sh\"\n";
			showEnvVarsInLog = 0;
		};
		5BA3598F5D2632FD3B02DD77 /* Copy Pods Resources */ = {
			isa = PBXShellScriptBuildPhase;
			buildActionMask = 2147483647;
			files = (
			);
			inputPaths = (
			);
			name = "Copy Pods Resources";
			outputPaths = (
			);
			runOnlyForDeploymentPostprocessing = 0;
			shellPath = /bin/sh;
			shellScript = "\"${SRCROOT}/Pods/Target Support Files/Pods/Pods-resources.sh\"\n";
			showEnvVarsInLog = 0;
		};
		E7A2A6B36FD0C4AF1DE65F6F /* Check Pods Manifest.lock */ = {
			isa = PBXShellScriptBuildPhase;
			buildActionMask = 2147483647;
			files = (
			);
			inputPaths = (
			);
			name = "Check Pods Manifest.lock";
			outputPaths = (
			);
			runOnlyForDeploymentPostprocessing = 0;
			shellPath = /bin/sh;
			shellScript = "diff \"${PODS_ROOT}/../Podfile.lock\" \"${PODS_ROOT}/Manifest.lock\" > /dev/null\nif [[ $? != 0 ]] ; then\n    cat << EOM\nerror: The sandbox is not in sync with the Podfile.lock. Run 'pod install' or update your CocoaPods installation.\nEOM\n    exit 1\nfi\n";
			showEnvVarsInLog = 0;
		};
/* End PBXShellScriptBuildPhase section */

/* Begin PBXSourcesBuildPhase section */
		6E1100AF1C7BBFAD00D6E7FA /* Sources */ = {
			isa = PBXSourcesBuildPhase;
			buildActionMask = 2147483647;
			files = (
				6EBC7F551C826A2000D823A0 /* LoginTableViewController.swift in Sources */,
				6EBC7F4F1C82644200D823A0 /* User.swift in Sources */,
				6E1100B91C7BBFAD00D6E7FA /* ViewController.swift in Sources */,
				6E1100B71C7BBFAD00D6E7FA /* AppDelegate.swift in Sources */,
				6EBC7F571C826A2C00D823A0 /* RegisterTableViewController.swift in Sources */,
				6E1100CD1C7C277400D6E7FA /* TrikiCell.swift in Sources */,
				6EBC7F591C826FC100D823A0 /* Connection.swift in Sources */,
			);
			runOnlyForDeploymentPostprocessing = 0;
		};
/* End PBXSourcesBuildPhase section */

/* Begin PBXVariantGroup section */
		6E1100BA1C7BBFAD00D6E7FA /* Main.storyboard */ = {
			isa = PBXVariantGroup;
			children = (
				6E1100BB1C7BBFAD00D6E7FA /* Base */,
			);
			name = Main.storyboard;
			sourceTree = "<group>";
		};
		6E1100BF1C7BBFAD00D6E7FA /* LaunchScreen.storyboard */ = {
			isa = PBXVariantGroup;
			children = (
				6E1100C01C7BBFAD00D6E7FA /* Base */,
			);
			name = LaunchScreen.storyboard;
			sourceTree = "<group>";
		};
/* End PBXVariantGroup section */

/* Begin XCBuildConfiguration section */
		6E1100C31C7BBFAD00D6E7FA /* Debug */ = {
			isa = XCBuildConfiguration;
			buildSettings = {
				ALWAYS_SEARCH_USER_PATHS = NO;
				CLANG_CXX_LANGUAGE_STANDARD = "gnu++0x";
				CLANG_CXX_LIBRARY = "libc++";
				CLANG_ENABLE_MODULES = YES;
				CLANG_ENABLE_OBJC_ARC = YES;
				CLANG_WARN_BOOL_CONVERSION = YES;
				CLANG_WARN_CONSTANT_CONVERSION = YES;
				CLANG_WARN_DIRECT_OBJC_ISA_USAGE = YES_ERROR;
				CLANG_WARN_EMPTY_BODY = YES;
				CLANG_WARN_ENUM_CONVERSION = YES;
				CLANG_WARN_INT_CONVERSION = YES;
				CLANG_WARN_OBJC_ROOT_CLASS = YES_ERROR;
				CLANG_WARN_UNREACHABLE_CODE = YES;
				CLANG_WARN__DUPLICATE_METHOD_MATCH = YES;
				"CODE_SIGN_IDENTITY[sdk=iphoneos*]" = "iPhone Developer";
				COPY_PHASE_STRIP = NO;
				DEBUG_INFORMATION_FORMAT = dwarf;
				ENABLE_STRICT_OBJC_MSGSEND = YES;
				ENABLE_TESTABILITY = YES;
				GCC_C_LANGUAGE_STANDARD = gnu99;
				GCC_DYNAMIC_NO_PIC = NO;
				GCC_NO_COMMON_BLOCKS = YES;
				GCC_OPTIMIZATION_LEVEL = 0;
				GCC_PREPROCESSOR_DEFINITIONS = (
					"DEBUG=1",
					"$(inherited)",
				);
				GCC_WARN_64_TO_32_BIT_CONVERSION = YES;
				GCC_WARN_ABOUT_RETURN_TYPE = YES_ERROR;
				GCC_WARN_UNDECLARED_SELECTOR = YES;
				GCC_WARN_UNINITIALIZED_AUTOS = YES_AGGRESSIVE;
				GCC_WARN_UNUSED_FUNCTION = YES;
				GCC_WARN_UNUSED_VARIABLE = YES;
				IPHONEOS_DEPLOYMENT_TARGET = 9.2;
				MTL_ENABLE_DEBUG_INFO = YES;
				ONLY_ACTIVE_ARCH = YES;
				SDKROOT = iphoneos;
				SWIFT_OPTIMIZATION_LEVEL = "-Onone";
				TARGETED_DEVICE_FAMILY = "1,2";
			};
			name = Debug;
		};
		6E1100C41C7BBFAD00D6E7FA /* Release */ = {
			isa = XCBuildConfiguration;
			buildSettings = {
				ALWAYS_SEARCH_USER_PATHS = NO;
				CLANG_CXX_LANGUAGE_STANDARD = "gnu++0x";
				CLANG_CXX_LIBRARY = "libc++";
				CLANG_ENABLE_MODULES = YES;
				CLANG_ENABLE_OBJC_ARC = YES;
				CLANG_WARN_BOOL_CONVERSION = YES;
				CLANG_WARN_CONSTANT_CONVERSION = YES;
				CLANG_WARN_DIRECT_OBJC_ISA_USAGE = YES_ERROR;
				CLANG_WARN_EMPTY_BODY = YES;
				CLANG_WARN_ENUM_CONVERSION = YES;
				CLANG_WARN_INT_CONVERSION = YES;
				CLANG_WARN_OBJC_ROOT_CLASS = YES_ERROR;
				CLANG_WARN_UNREACHABLE_CODE = YES;
				CLANG_WARN__DUPLICATE_METHOD_MATCH = YES;
				"CODE_SIGN_IDENTITY[sdk=iphoneos*]" = "iPhone Developer";
				COPY_PHASE_STRIP = NO;
				DEBUG_INFORMATION_FORMAT = "dwarf-with-dsym";
				ENABLE_NS_ASSERTIONS = NO;
				ENABLE_STRICT_OBJC_MSGSEND = YES;
				GCC_C_LANGUAGE_STANDARD = gnu99;
				GCC_NO_COMMON_BLOCKS = YES;
				GCC_WARN_64_TO_32_BIT_CONVERSION = YES;
				GCC_WARN_ABOUT_RETURN_TYPE = YES_ERROR;
				GCC_WARN_UNDECLARED_SELECTOR = YES;
				GCC_WARN_UNINITIALIZED_AUTOS = YES_AGGRESSIVE;
				GCC_WARN_UNUSED_FUNCTION = YES;
				GCC_WARN_UNUSED_VARIABLE = YES;
				IPHONEOS_DEPLOYMENT_TARGET = 9.2;
				MTL_ENABLE_DEBUG_INFO = NO;
				SDKROOT = iphoneos;
				TARGETED_DEVICE_FAMILY = "1,2";
				VALIDATE_PRODUCT = YES;
			};
			name = Release;
		};
		6E1100C61C7BBFAD00D6E7FA /* Debug */ = {
			isa = XCBuildConfiguration;
			baseConfigurationReference = C0BE556E335257C40079F098 /* Pods.debug.xcconfig */;
			buildSettings = {
				ASSETCATALOG_COMPILER_APPICON_NAME = AppIcon;
				INFOPLIST_FILE = Triki/Info.plist;
				LD_RUNPATH_SEARCH_PATHS = "$(inherited) @executable_path/Frameworks";
				PRODUCT_BUNDLE_IDENTIFIER = santicarmo31.Triki;
				PRODUCT_NAME = "$(TARGET_NAME)";
			};
			name = Debug;
		};
		6E1100C71C7BBFAD00D6E7FA /* Release */ = {
			isa = XCBuildConfiguration;
			baseConfigurationReference = 982036B61C8F40D14F0AC2CC /* Pods.release.xcconfig */;
			buildSettings = {
				ASSETCATALOG_COMPILER_APPICON_NAME = AppIcon;
				INFOPLIST_FILE = Triki/Info.plist;
				LD_RUNPATH_SEARCH_PATHS = "$(inherited) @executable_path/Frameworks";
				PRODUCT_BUNDLE_IDENTIFIER = santicarmo31.Triki;
				PRODUCT_NAME = "$(TARGET_NAME)";
			};
			name = Release;
		};
/* End XCBuildConfiguration section */

/* Begin XCConfigurationList section */
		6E1100AE1C7BBFAD00D6E7FA /* Build configuration list for PBXProject "Triki" */ = {
			isa = XCConfigurationList;
			buildConfigurations = (
				6E1100C31C7BBFAD00D6E7FA /* Debug */,
				6E1100C41C7BBFAD00D6E7FA /* Release */,
			);
			defaultConfigurationIsVisible = 0;
			defaultConfigurationName = Release;
		};
		6E1100C51C7BBFAD00D6E7FA /* Build configuration list for PBXNativeTarget "Triki" */ = {
			isa = XCConfigurationList;
			buildConfigurations = (
				6E1100C61C7BBFAD00D6E7FA /* Debug */,
				6E1100C71C7BBFAD00D6E7FA /* Release */,
			);
			defaultConfigurationIsVisible = 0;
			defaultConfigurationName = Release;
		};
/* End XCConfigurationList section */
	};
	rootObject = 6E1100AB1C7BBFAD00D6E7FA /* Project object */;
}
